
Microsoft Visual Studio Solution File, Format Version 12.00
# Visual Studio Version 17
VisualStudioVersion = 17.13.35825.156 d17.13
MinimumVisualStudioVersion = 10.0.40219.1
Project("{FAE04EC0-301F-11D3-BF4B-00C04F79EFBC}") = "Apicontainer", "Apicontainer\Apicontainer.csproj", "{C5AF9AD0-A2F9-44E2-9291-E56BD64D5D2B}"
EndProject
Global
	GlobalSection(SolutionConfigurationPlatforms) = preSolution
		Debug|Any CPU = Debug|Any CPU
		Release|Any CPU = Release|Any CPU
	EndGlobalSection
	GlobalSection(ProjectConfigurationPlatforms) = postSolution
		{C5AF9AD0-A2F9-44E2-9291-E56BD64D5D2B}.Debug|Any CPU.ActiveCfg = Debug|Any CPU
		{C5AF9AD0-A2F9-44E2-9291-E56BD64D5D2B}.Debug|Any CPU.Build.0 = Debug|Any CPU
		{C5AF9AD0-A2F9-44E2-9291-E56BD64D5D2B}.Release|Any CPU.ActiveCfg = Release|Any CPU
		{C5AF9AD0-A2F9-44E2-9291-E56BD64D5D2B}.Release|Any CPU.Build.0 = Release|Any CPU
	EndGlobalSection
	GlobalSection(SolutionProperties) = preSolution
		HideSolutionNode = FALSE
	EndGlobalSection
	GlobalSection(ExtensibilityGlobals) = postSolution
		SolutionGuid = {39564386-8EEA-4FEC-9013-2C17C9AC1444}
	EndGlobalSection
EndGlobal
